
Microsoft Visual Studio Solution File, Format Version 12.00
# Visual Studio Version 16
VisualStudioVersion = 16.0.29102.190
MinimumVisualStudioVersion = 15.0.26124.0
Project("{2150E333-8FDC-42A3-9474-1A3956D46DE8}") = "src", "src", "{24544C65-E9A4-4450-A4F5-CF75C0F86C14}"
EndProject
Project("{2150E333-8FDC-42A3-9474-1A3956D46DE8}") = "tests", "tests", "{4D8DCCC9-445C-4700-A53A-BA1470AEEC97}"
EndProject
Project("{2150E333-8FDC-42A3-9474-1A3956D46DE8}") = "Configuration", "Configuration", "{880B7FC7-CB67-4719-B45F-3DAE71F3C000}"
	ProjectSection(SolutionItems) = preProject
		.config\.editorconfig = .config\.editorconfig
		.config\.gitignore = .config\.gitignore
		.config\Directory.Build.props = .config\Directory.Build.props
		.config\Directory.Build.targets = .config\Directory.Build.targets
		.config\dotnet.ruleset = .config\dotnet.ruleset
		.config\gulpfile.js = .config\gulpfile.js
		.config\stylecop.json = .config\stylecop.json
	EndProjectSection
EndProject
Project("{9A19103F-16F7-4668-BE54-9A1E7A4F7556}") = "Calculator", "src\Calculator\Calculator.csproj", "{466FFF68-B36D-496C-8C06-C36687A410D0}"
EndProject
Project("{FAE04EC0-301F-11D3-BF4B-00C04F79EFBC}") = "CalculatorTests", "tests\CalculatorTests\CalculatorTests.csproj", "{49AE538D-E79A-4A18-AD6A-7A3DBCF03D93}"
EndProject
Global
	GlobalSection(SolutionConfigurationPlatforms) = preSolution
		Debug|Any CPU = Debug|Any CPU
		Release|Any CPU = Release|Any CPU
	EndGlobalSection
	GlobalSection(ProjectConfigurationPlatforms) = postSolution
		{466FFF68-B36D-496C-8C06-C36687A410D0}.Debug|Any CPU.ActiveCfg = Debug|Any CPU
		{466FFF68-B36D-496C-8C06-C36687A410D0}.Debug|Any CPU.Build.0 = Debug|Any CPU
		{466FFF68-B36D-496C-8C06-C36687A410D0}.Release|Any CPU.ActiveCfg = Release|Any CPU
		{466FFF68-B36D-496C-8C06-C36687A410D0}.Release|Any CPU.Build.0 = Release|Any CPU
		{49AE538D-E79A-4A18-AD6A-7A3DBCF03D93}.Debug|Any CPU.ActiveCfg = Debug|Any CPU
		{49AE538D-E79A-4A18-AD6A-7A3DBCF03D93}.Debug|Any CPU.Build.0 = Debug|Any CPU
		{49AE538D-E79A-4A18-AD6A-7A3DBCF03D93}.Release|Any CPU.ActiveCfg = Release|Any CPU
		{49AE538D-E79A-4A18-AD6A-7A3DBCF03D93}.Release|Any CPU.Build.0 = Release|Any CPU
	EndGlobalSection
	GlobalSection(SolutionProperties) = preSolution
		HideSolutionNode = FALSE
	EndGlobalSection
	GlobalSection(NestedProjects) = preSolution
		{466FFF68-B36D-496C-8C06-C36687A410D0} = {24544C65-E9A4-4450-A4F5-CF75C0F86C14}
		{49AE538D-E79A-4A18-AD6A-7A3DBCF03D93} = {4D8DCCC9-445C-4700-A53A-BA1470AEEC97}
	EndGlobalSection
	GlobalSection(ExtensibilityGlobals) = postSolution
		SolutionGuid = {F59804B6-C739-4C7D-9E95-F45FB428FC72}
	EndGlobalSection
EndGlobal
