{
  "version": 1,
  "dependencies": {
    ".NETCoreApp,Version=v2.2": {
      "Microsoft.AspNetCore.Cryptography.KeyDerivation": {
        "type": "Direct",
        "requested": "[2.2.0, )",
        "resolved": "2.2.0",
        "contentHash": "NCY0PH3nrFYbhqiq72rwWsUXlV4OAE0MOukvGvIBOTnEPMC1yVL42k1DXLnaIu+c0yfMAxIIG9Iuaykp9BQQQw==",
        "dependencies": {
          "Microsoft.AspNetCore.Cryptography.Internal": "2.2.0"
        }
      },
      "Microsoft.CodeAnalysis.FxCopAnalyzers": {
        "type": "Direct",
        "requested": "[2.9.7, )",
        "resolved": "2.9.7",
        "contentHash": "/WbA9NXJmd7LW4ERe1v9YVRlpp0nnEMV5ne0ydnKT3/RMLzTt9AZjghuL6u3eSclyhcSI/mW/B4uPv2cAr4PXg==",
        "dependencies": {
          "Microsoft.CodeAnalysis.VersionCheckAnalyzer": "[2.9.7]",
          "Microsoft.CodeQuality.Analyzers": "[2.9.7]",
          "Microsoft.NetCore.Analyzers": "[2.9.7]",
          "Microsoft.NetFramework.Analyzers": "[2.9.7]"
        }
      },
      "Microsoft.NETCore.App": {
        "type": "Direct",
        "requested": "[2.2.0, )",
        "resolved": "2.2.0",
        "contentHash": "7z5l8Jp324S8bU8+yyWeYHXUFYvKyiI5lqS1dXgTzOx1H69Qbf6df12kCKlNX45LpMfCMd4U3M6p7Rl5Zk7SLA==",
        "dependencies": {
          "Microsoft.NETCore.DotNetHostPolicy": "2.2.0",
          "Microsoft.NETCore.Platforms": "2.2.0",
          "Microsoft.NETCore.Targets": "2.0.0",
          "NETStandard.Library": "2.0.3"
        }
      },
      "SerilogAnalyzer": {
        "type": "Direct",
        "requested": "[0.15.0, )",
        "resolved": "0.15.0",
        "contentHash": "sVpwfls4MfNnwIXLSGCgaUnV+c9kgJ8ia6GsyRcpd4Vs3gLogSDtSYBYrre2K2u/PNMo8GgG09RehwVnze70Tw=="
      },
      "SmartAnalyzers.ExceptionAnalyzer": {
        "type": "Direct",
        "requested": "[1.0.10, )",
        "resolved": "1.0.10",
        "contentHash": "vK2QCxSPUDXvxvgf60qqnHzpsNvW4D5yJpOyTKQbr8odSPw4M1GmDIUJuILfQo/QJb/FAE2Zzebr9pNpmbjxdw=="
      },
      "SmartAnalyzers.MultithreadingAnalyzer": {
        "type": "Direct",
        "requested": "[1.1.31, )",
        "resolved": "1.1.31",
        "contentHash": "2f2k7bbhDd132ArglCKpzKoWBcp3uzbIFcb4aosnlqIKlfYKDE2HevBVRNVa+LkWFnjXFFWs47Bo96fu8iS//Q=="
      },
      "StyleCop.Analyzers": {
        "type": "Direct",
        "requested": "[1.1.118, )",
        "resolved": "1.1.118",
        "contentHash": "Onx6ovGSqXSK07n/0eM3ZusiNdB6cIlJdabQhWGgJp3Vooy9AaLS/tigeybOJAobqbtggTamoWndz72JscZBvw=="
      },
      "Microsoft.AspNetCore.Cryptography.Internal": {
        "type": "Transitive",
        "resolved": "2.2.0",
        "contentHash": "GXmMD8/vuTLPLvKzKEPz/4vapC5e0cwx1tUVd83ePRyWF9CCrn/pg4/1I+tGkQqFLPvi3nlI2QtPtC6MQN8Nww=="
      },
      "Microsoft.CodeAnalysis.VersionCheckAnalyzer": {
        "type": "Transitive",
        "resolved": "2.9.7",
        "contentHash": "ePzHjOnn2EJCYubovr+lVPfkOx7yXjF9pNzE2TSZgAAC4zE4fNAL2HU/f+AoJWP0oQH1hohkApwfZPS+I82ynQ=="
      },
      "Microsoft.CodeQuality.Analyzers": {
        "type": "Transitive",
        "resolved": "2.9.7",
        "contentHash": "gl+jYeGvFxET/FUL/gNMKMxb3/p3NKUofBpGS+wYna8Jphbm2Tx6DDZaqPcpcNpabZKzPAvezzmtW7EILTbZtA=="
      },
      "Microsoft.NetCore.Analyzers": {
        "type": "Transitive",
        "resolved": "2.9.7",
        "contentHash": "NYQOi5n+36rVuh+Yh6UabkzH5lNaji+OIArnzbY1jUp+u2CL9A7DatJGrh7u/VOZJICVFR3UgVKobm0CLbIcRg=="
      },
      "Microsoft.NETCore.DotNetAppHost": {
        "type": "Transitive",
        "resolved": "2.2.0",
        "contentHash": "DrhaKInRKKvN6Ns2VNIlC7ZffLOp9THf8cO6X4fytPRJovJUbF49/zzx4WfgX9E44FMsw9hT8hrKiIqDSHvGvA=="
      },
      "Microsoft.NETCore.DotNetHostPolicy": {
        "type": "Transitive",
        "resolved": "2.2.0",
        "contentHash": "FJie7IoPZFaPgNDxhZGmDBQP/Bs5vPdfca/G2Wf9gd6LIvMYkZcibtmJwB4tcf4KXkaOYfIOo4Cl9sEPMsSzkw==",
        "dependencies": {
          "Microsoft.NETCore.DotNetHostResolver": "2.2.0"
        }
      },
      "Microsoft.NETCore.DotNetHostResolver": {
        "type": "Transitive",
        "resolved": "2.2.0",
        "contentHash": "spDm3AJYmebthDNhzY17YLPtvbc+Y1lCLVeiIH1uLJ/hZaM+40pBiPefFR8J1u66Ndkqi8ipR2tEbqPnYnjRhw==",
        "dependencies": {
          "Microsoft.NETCore.DotNetAppHost": "2.2.0"
        }
      },
      "Microsoft.NETCore.Platforms": {
        "type": "Transitive",
        "resolved": "2.2.0",
        "contentHash": "T/J+XZo+YheFTJh8/4uoeJDdz5qOmOMkjg6/VL8mHJ9AnP8+fmV/kcbxeXsob0irRNiChf+V0ig1MCRLp/+Kog=="
      },
      "Microsoft.NETCore.Targets": {
        "type": "Transitive",
        "resolved": "2.0.0",
        "contentHash": "odP/tJj1z6GylFpNo7pMtbd/xQgTC3Ex2If63dRTL38bBNMwsBnJ+RceUIyHdRBC0oik/3NehYT+oECwBhIM3Q=="
      },
      "Microsoft.NetFramework.Analyzers": {
        "type": "Transitive",
        "resolved": "2.9.7",
        "contentHash": "sC+Vt/m60axfe0jr8K3iXMXSwNhCp8jMJyn8gRMo9HDg2Nr7PpVGcNxqIt1rRbRiE6Lwqp8lo8AlFekHxvUCOg=="
      },
      "NETStandard.Library": {
        "type": "Transitive",
        "resolved": "2.0.3",
        "contentHash": "st47PosZSHrjECdjeIzZQbzivYBJFv6P2nv4cj2ypdI204DO+vZ7l5raGMiX4eXMJ53RfOIg+/s4DHVZ54Nu2A==",
        "dependencies": {
          "Microsoft.NETCore.Platforms": "1.1.0"
        }
      },
      "Kritikos.ProvingGrounds.Hasher": {
        "type": "Project",
        "dependencies": {
          "Microsoft.AspNetCore.Cryptography.KeyDerivation": "2.2.0"
        }
      }
    }
  }
}